// !$*UTF8*$!
{
	archiveVersion = 1;
	classes = {
	};
	objectVersion = 77;
	objects = {

/* Begin PBXBuildFile section */
		015BAFCF2D1BEAE20006BA54 /* FirebaseAuth in Frameworks */ = {isa = PBXBuildFile; productRef = 015BAFCE2D1BEAE20006BA54 /* FirebaseAuth */; };
		015BAFD12D1BEAE20006BA54 /* FirebaseCore in Frameworks */ = {isa = PBXBuildFile; productRef = 015BAFD02D1BEAE20006BA54 /* FirebaseCore */; };
		015BAFD32D1BEAE20006BA54 /* FirebaseFirestore in Frameworks */ = {isa = PBXBuildFile; productRef = 015BAFD22D1BEAE20006BA54 /* FirebaseFirestore */; };
		015BB0E92D1C30990006BA54 /* README.md in Resources */ = {isa = PBXBuildFile; fileRef = 015BB0E82D1C30990006BA54 /* README.md */; };
		01A65DCD2D1BA466009B5E25 /* FirebaseAuth in Frameworks */ = {isa = PBXBuildFile; productRef = 01A65DCC2D1BA466009B5E25 /* FirebaseAuth */; };
		01A65DCF2D1BA466009B5E25 /* FirebaseCore in Frameworks */ = {isa = PBXBuildFile; productRef = 01A65DCE2D1BA466009B5E25 /* FirebaseCore */; };
		01A65DD12D1BA466009B5E25 /* FirebaseFirestore in Frameworks */ = {isa = PBXBuildFile; productRef = 01A65DD02D1BA466009B5E25 /* FirebaseFirestore */; };
/* End PBXBuildFile section */

/* Begin PBXContainerItemProxy section */
		01C91AFA2D1222D40014D964 /* PBXContainerItemProxy */ = {
			isa = PBXContainerItemProxy;
			containerPortal = 01C91AE02D1222D20014D964 /* Project object */;
			proxyType = 1;
			remoteGlobalIDString = 01C91AE72D1222D30014D964;
			remoteInfo = Osiris;
		};
		01C91B042D1222D40014D964 /* PBXContainerItemProxy */ = {
			isa = PBXContainerItemProxy;
			containerPortal = 01C91AE02D1222D20014D964 /* Project object */;
			proxyType = 1;
			remoteGlobalIDString = 01C91AE72D1222D30014D964;
			remoteInfo = Osiris;
		};
/* End PBXContainerItemProxy section */

/* Begin PBXFileReference section */
		015BB0E82D1C30990006BA54 /* README.md */ = {isa = PBXFileReference; lastKnownFileType = net.daringfireball.markdown; path = README.md; sourceTree = "<group>"; };
		019BE5F92D2CD21000C81651 /* Exercise Recommendation.mlproj */ = {isa = PBXFileReference; lastKnownFileType = wrapper; path = "Exercise Recommendation.mlproj"; sourceTree = "<group>"; };
		019BE5FB2D2CD21700C81651 /* exercises.csv */ = {isa = PBXFileReference; lastKnownFileType = text; path = exercises.csv; sourceTree = "<group>"; };
		019BE5FC2D2CD23400C81651 /* associations.csv */ = {isa = PBXFileReference; lastKnownFileType = text; path = associations.csv; sourceTree = "<group>"; };
		01C91AE82D1222D30014D964 /* Osiris.app */ = {isa = PBXFileReference; explicitFileType = wrapper.application; includeInIndex = 0; path = Osiris.app; sourceTree = BUILT_PRODUCTS_DIR; };
		01C91AF92D1222D40014D964 /* OsirisTests.xctest */ = {isa = PBXFileReference; explicitFileType = wrapper.cfbundle; includeInIndex = 0; path = OsirisTests.xctest; sourceTree = BUILT_PRODUCTS_DIR; };
		01C91B032D1222D40014D964 /* OsirisUITests.xctest */ = {isa = PBXFileReference; explicitFileType = wrapper.cfbundle; includeInIndex = 0; path = OsirisUITests.xctest; sourceTree = BUILT_PRODUCTS_DIR; };
/* End PBXFileReference section */

/* Begin PBXFileSystemSynchronizedBuildFileExceptionSet section */
		019BE5EF2D2CAE3500C81651 /* Exceptions for "Osiris" folder in "Osiris" target */ = {
			isa = PBXFileSystemSynchronizedBuildFileExceptionSet;
			membershipExceptions = (
				Info.plist,
				Views/LaunchScreen.swift,
			);
			target = 01C91AE72D1222D30014D964 /* Osiris */;
		};
/* End PBXFileSystemSynchronizedBuildFileExceptionSet section */

/* Begin PBXFileSystemSynchronizedGroupBuildPhaseMembershipExceptionSet section */
		019BE5F02D2CAE3500C81651 /* Exceptions for "Osiris" folder in "Copy Bundle Resources" phase from "Osiris" target */ = {
			isa = PBXFileSystemSynchronizedGroupBuildPhaseMembershipExceptionSet;
			buildPhase = 01C91AE62D1222D30014D964 /* Resources */;
			membershipExceptions = (
				Views/LaunchScreen.swift,
			);
		};
/* End PBXFileSystemSynchronizedGroupBuildPhaseMembershipExceptionSet section */

/* Begin PBXFileSystemSynchronizedRootGroup section */
		015BB0EA2D1C33460006BA54 /* GithubAssets */ = {
			isa = PBXFileSystemSynchronizedRootGroup;
			path = GithubAssets;
			sourceTree = "<group>";
		};
		01C91AEA2D1222D30014D964 /* Osiris */ = {
			isa = PBXFileSystemSynchronizedRootGroup;
			exceptions = (
				019BE5EF2D2CAE3500C81651 /* Exceptions for "Osiris" folder in "Osiris" target */,
				019BE5F02D2CAE3500C81651 /* Exceptions for "Osiris" folder in "Copy Bundle Resources" phase from "Osiris" target */,
			);
			path = Osiris;
			sourceTree = "<group>";
		};
		01C91AFC2D1222D40014D964 /* OsirisTests */ = {
			isa = PBXFileSystemSynchronizedRootGroup;
			path = OsirisTests;
			sourceTree = "<group>";
		};
		01C91B062D1222D40014D964 /* OsirisUITests */ = {
			isa = PBXFileSystemSynchronizedRootGroup;
			path = OsirisUITests;
			sourceTree = "<group>";
		};
/* End PBXFileSystemSynchronizedRootGroup section */

/* Begin PBXFrameworksBuildPhase section */
		01C91AE52D1222D30014D964 /* Frameworks */ = {
			isa = PBXFrameworksBuildPhase;
			buildActionMask = 2147483647;
			files = (
				015BAFCF2D1BEAE20006BA54 /* FirebaseAuth in Frameworks */,
				01A65DD12D1BA466009B5E25 /* FirebaseFirestore in Frameworks */,
				01A65DCF2D1BA466009B5E25 /* FirebaseCore in Frameworks */,
				015BAFD12D1BEAE20006BA54 /* FirebaseCore in Frameworks */,
				01A65DCD2D1BA466009B5E25 /* FirebaseAuth in Frameworks */,
				015BAFD32D1BEAE20006BA54 /* FirebaseFirestore in Frameworks */,
			);
			runOnlyForDeploymentPostprocessing = 0;
		};
		01C91AF62D1222D40014D964 /* Frameworks */ = {
			isa = PBXFrameworksBuildPhase;
			buildActionMask = 2147483647;
			files = (
			);
			runOnlyForDeploymentPostprocessing = 0;
		};
		01C91B002D1222D40014D964 /* Frameworks */ = {
			isa = PBXFrameworksBuildPhase;
			buildActionMask = 2147483647;
			files = (
			);
			runOnlyForDeploymentPostprocessing = 0;
		};
/* End PBXFrameworksBuildPhase section */

/* Begin PBXGroup section */
		019BE5F82D2CD21000C81651 /* Training */ = {
			isa = PBXGroup;
			children = (
				019BE5FC2D2CD23400C81651 /* associations.csv */,
				019BE5FB2D2CD21700C81651 /* exercises.csv */,
			);
			path = Training;
			sourceTree = "<group>";
		};
		019BE5FA2D2CD21000C81651 /* CoreML */ = {
			isa = PBXGroup;
			children = (
				019BE5F82D2CD21000C81651 /* Training */,
				019BE5F92D2CD21000C81651 /* Exercise Recommendation.mlproj */,
			);
			path = CoreML;
			sourceTree = "<group>";
		};
		01C91ADF2D1222D20014D964 = {
			isa = PBXGroup;
			children = (
				015BB0EA2D1C33460006BA54 /* GithubAssets */,
				01C91AEA2D1222D30014D964 /* Osiris */,
				01C91AFC2D1222D40014D964 /* OsirisTests */,
				01C91B062D1222D40014D964 /* OsirisUITests */,
				01C91AE92D1222D30014D964 /* Products */,
				771CBD8A12CDCCC2BC4CFF10 /* Pods */,
				015BB0E82D1C30990006BA54 /* README.md */,
				019BE5FA2D2CD21000C81651 /* CoreML */,
			);
			sourceTree = "<group>";
		};
		01C91AE92D1222D30014D964 /* Products */ = {
			isa = PBXGroup;
			children = (
				01C91AE82D1222D30014D964 /* Osiris.app */,
				01C91AF92D1222D40014D964 /* OsirisTests.xctest */,
				01C91B032D1222D40014D964 /* OsirisUITests.xctest */,
			);
			name = Products;
			sourceTree = "<group>";
		};
		771CBD8A12CDCCC2BC4CFF10 /* Pods */ = {
			isa = PBXGroup;
			children = (
			);
			path = Pods;
			sourceTree = "<group>";
		};
/* End PBXGroup section */

/* Begin PBXNativeTarget section */
		01C91AE72D1222D30014D964 /* Osiris */ = {
			isa = PBXNativeTarget;
			buildConfigurationList = 01C91B0D2D1222D40014D964 /* Build configuration list for PBXNativeTarget "Osiris" */;
			buildPhases = (
				01C91AE42D1222D30014D964 /* Sources */,
				01C91AE52D1222D30014D964 /* Frameworks */,
				01C91AE62D1222D30014D964 /* Resources */,
			);
			buildRules = (
			);
			dependencies = (
			);
			fileSystemSynchronizedGroups = (
				015BB0EA2D1C33460006BA54 /* GithubAssets */,
				01C91AEA2D1222D30014D964 /* Osiris */,
			);
			name = Osiris;
			productName = Osiris;
			productReference = 01C91AE82D1222D30014D964 /* Osiris.app */;
			productType = "com.apple.product-type.application";
		};
		01C91AF82D1222D40014D964 /* OsirisTests */ = {
			isa = PBXNativeTarget;
			buildConfigurationList = 01C91B102D1222D40014D964 /* Build configuration list for PBXNativeTarget "OsirisTests" */;
			buildPhases = (
				01C91AF52D1222D40014D964 /* Sources */,
				01C91AF62D1222D40014D964 /* Frameworks */,
				01C91AF72D1222D40014D964 /* Resources */,
			);
			buildRules = (
			);
			dependencies = (
				01C91AFB2D1222D40014D964 /* PBXTargetDependency */,
			);
			fileSystemSynchronizedGroups = (
				01C91AFC2D1222D40014D964 /* OsirisTests */,
			);
			name = OsirisTests;
			productName = OsirisTests;
			productReference = 01C91AF92D1222D40014D964 /* OsirisTests.xctest */;
			productType = "com.apple.product-type.bundle.unit-test";
		};
		01C91B022D1222D40014D964 /* OsirisUITests */ = {
			isa = PBXNativeTarget;
			buildConfigurationList = 01C91B132D1222D40014D964 /* Build configuration list for PBXNativeTarget "OsirisUITests" */;
			buildPhases = (
				01C91AFF2D1222D40014D964 /* Sources */,
				01C91B002D1222D40014D964 /* Frameworks */,
				01C91B012D1222D40014D964 /* Resources */,
			);
			buildRules = (
			);
			dependencies = (
				01C91B052D1222D40014D964 /* PBXTargetDependency */,
			);
			fileSystemSynchronizedGroups = (
				01C91B062D1222D40014D964 /* OsirisUITests */,
			);
			name = OsirisUITests;
			productName = OsirisUITests;
			productReference = 01C91B032D1222D40014D964 /* OsirisUITests.xctest */;
			productType = "com.apple.product-type.bundle.ui-testing";
		};
/* End PBXNativeTarget section */

/* Begin PBXProject section */
		01C91AE02D1222D20014D964 /* Project object */ = {
			isa = PBXProject;
			attributes = {
				BuildIndependentTargetsInParallel = 1;
				LastSwiftUpdateCheck = 1610;
				LastUpgradeCheck = 1610;
				TargetAttributes = {
					01C91AE72D1222D30014D964 = {
						CreatedOnToolsVersion = 16.1;
					};
					01C91AF82D1222D40014D964 = {
						CreatedOnToolsVersion = 16.1;
						TestTargetID = 01C91AE72D1222D30014D964;
					};
					01C91B022D1222D40014D964 = {
						CreatedOnToolsVersion = 16.1;
						TestTargetID = 01C91AE72D1222D30014D964;
					};
				};
			};
			buildConfigurationList = 01C91AE32D1222D20014D964 /* Build configuration list for PBXProject "Osiris" */;
			developmentRegion = en;
			hasScannedForEncodings = 0;
			knownRegions = (
				en,
				Base,
			);
			mainGroup = 01C91ADF2D1222D20014D964;
			minimizedProjectReferenceProxies = 1;
			packageReferences = (
				015BAFCD2D1BEAE20006BA54 /* XCRemoteSwiftPackageReference "firebase-ios-sdk" */,
			);
			preferredProjectObjectVersion = 77;
			productRefGroup = 01C91AE92D1222D30014D964 /* Products */;
			projectDirPath = "";
			projectRoot = "";
			targets = (
				01C91AE72D1222D30014D964 /* Osiris */,
				01C91AF82D1222D40014D964 /* OsirisTests */,
				01C91B022D1222D40014D964 /* OsirisUITests */,
			);
		};
/* End PBXProject section */

/* Begin PBXResourcesBuildPhase section */
		01C91AE62D1222D30014D964 /* Resources */ = {
			isa = PBXResourcesBuildPhase;
			buildActionMask = 2147483647;
			files = (
				015BB0E92D1C30990006BA54 /* README.md in Resources */,
			);
			runOnlyForDeploymentPostprocessing = 0;
		};
		01C91AF72D1222D40014D964 /* Resources */ = {
			isa = PBXResourcesBuildPhase;
			buildActionMask = 2147483647;
			files = (
			);
			runOnlyForDeploymentPostprocessing = 0;
		};
		01C91B012D1222D40014D964 /* Resources */ = {
			isa = PBXResourcesBuildPhase;
			buildActionMask = 2147483647;
			files = (
			);
			runOnlyForDeploymentPostprocessing = 0;
		};
/* End PBXResourcesBuildPhase section */

/* Begin PBXSourcesBuildPhase section */
		01C91AE42D1222D30014D964 /* Sources */ = {
			isa = PBXSourcesBuildPhase;
			buildActionMask = 2147483647;
			files = (
			);
			runOnlyForDeploymentPostprocessing = 0;
		};
		01C91AF52D1222D40014D964 /* Sources */ = {
			isa = PBXSourcesBuildPhase;
			buildActionMask = 2147483647;
			files = (
			);
			runOnlyForDeploymentPostprocessing = 0;
		};
		01C91AFF2D1222D40014D964 /* Sources */ = {
			isa = PBXSourcesBuildPhase;
			buildActionMask = 2147483647;
			files = (
			);
			runOnlyForDeploymentPostprocessing = 0;
		};
/* End PBXSourcesBuildPhase section */

/* Begin PBXTargetDependency section */
		01C91AFB2D1222D40014D964 /* PBXTargetDependency */ = {
			isa = PBXTargetDependency;
			target = 01C91AE72D1222D30014D964 /* Osiris */;
			targetProxy = 01C91AFA2D1222D40014D964 /* PBXContainerItemProxy */;
		};
		01C91B052D1222D40014D964 /* PBXTargetDependency */ = {
			isa = PBXTargetDependency;
			target = 01C91AE72D1222D30014D964 /* Osiris */;
			targetProxy = 01C91B042D1222D40014D964 /* PBXContainerItemProxy */;
		};
/* End PBXTargetDependency section */

/* Begin XCBuildConfiguration section */
		01C91B0B2D1222D40014D964 /* Debug */ = {
			isa = XCBuildConfiguration;
			buildSettings = {
				ALWAYS_SEARCH_USER_PATHS = NO;
				ASSETCATALOG_COMPILER_GENERATE_SWIFT_ASSET_SYMBOL_EXTENSIONS = YES;
				CLANG_ANALYZER_NONNULL = YES;
				CLANG_ANALYZER_NUMBER_OBJECT_CONVERSION = YES_AGGRESSIVE;
				CLANG_CXX_LANGUAGE_STANDARD = "gnu++20";
				CLANG_ENABLE_MODULES = YES;
				CLANG_ENABLE_OBJC_ARC = YES;
				CLANG_ENABLE_OBJC_WEAK = YES;
				CLANG_WARN_BLOCK_CAPTURE_AUTORELEASING = YES;
				CLANG_WARN_BOOL_CONVERSION = YES;
				CLANG_WARN_COMMA = YES;
				CLANG_WARN_CONSTANT_CONVERSION = YES;
				CLANG_WARN_DEPRECATED_OBJC_IMPLEMENTATIONS = YES;
				CLANG_WARN_DIRECT_OBJC_ISA_USAGE = YES_ERROR;
				CLANG_WARN_DOCUMENTATION_COMMENTS = YES;
				CLANG_WARN_EMPTY_BODY = YES;
				CLANG_WARN_ENUM_CONVERSION = YES;
				CLANG_WARN_INFINITE_RECURSION = YES;
				CLANG_WARN_INT_CONVERSION = YES;
				CLANG_WARN_NON_LITERAL_NULL_CONVERSION = YES;
				CLANG_WARN_OBJC_IMPLICIT_RETAIN_SELF = YES;
				CLANG_WARN_OBJC_LITERAL_CONVERSION = YES;
				CLANG_WARN_OBJC_ROOT_CLASS = YES_ERROR;
				CLANG_WARN_QUOTED_INCLUDE_IN_FRAMEWORK_HEADER = YES;
				CLANG_WARN_RANGE_LOOP_ANALYSIS = YES;
				CLANG_WARN_STRICT_PROTOTYPES = YES;
				CLANG_WARN_SUSPICIOUS_MOVE = YES;
				CLANG_WARN_UNGUARDED_AVAILABILITY = YES_AGGRESSIVE;
				CLANG_WARN_UNREACHABLE_CODE = YES;
				CLANG_WARN__DUPLICATE_METHOD_MATCH = YES;
				COPY_PHASE_STRIP = NO;
				DEBUG_INFORMATION_FORMAT = dwarf;
				ENABLE_STRICT_OBJC_MSGSEND = YES;
				ENABLE_TESTABILITY = YES;
				ENABLE_USER_SCRIPT_SANDBOXING = YES;
				GCC_C_LANGUAGE_STANDARD = gnu17;
				GCC_DYNAMIC_NO_PIC = NO;
				GCC_NO_COMMON_BLOCKS = YES;
				GCC_OPTIMIZATION_LEVEL = 0;
				GCC_PREPROCESSOR_DEFINITIONS = (
					"DEBUG=1",
					"$(inherited)",
				);
				GCC_WARN_64_TO_32_BIT_CONVERSION = YES;
				GCC_WARN_ABOUT_RETURN_TYPE = YES_ERROR;
				GCC_WARN_UNDECLARED_SELECTOR = YES;
				GCC_WARN_UNINITIALIZED_AUTOS = YES_AGGRESSIVE;
				GCC_WARN_UNUSED_FUNCTION = YES;
				GCC_WARN_UNUSED_VARIABLE = YES;
				LOCALIZATION_PREFERS_STRING_CATALOGS = YES;
				MACOSX_DEPLOYMENT_TARGET = 15.0;
				MTL_ENABLE_DEBUG_INFO = INCLUDE_SOURCE;
				MTL_FAST_MATH = YES;
				ONLY_ACTIVE_ARCH = YES;
				SDKROOT = macosx;
				SWIFT_ACTIVE_COMPILATION_CONDITIONS = "DEBUG $(inherited)";
				SWIFT_OPTIMIZATION_LEVEL = "-Onone";
			};
			name = Debug;
		};
		01C91B0C2D1222D40014D964 /* Release */ = {
			isa = XCBuildConfiguration;
			buildSettings = {
				ALWAYS_SEARCH_USER_PATHS = NO;
				ASSETCATALOG_COMPILER_GENERATE_SWIFT_ASSET_SYMBOL_EXTENSIONS = YES;
				CLANG_ANALYZER_NONNULL = YES;
				CLANG_ANALYZER_NUMBER_OBJECT_CONVERSION = YES_AGGRESSIVE;
				CLANG_CXX_LANGUAGE_STANDARD = "gnu++20";
				CLANG_ENABLE_MODULES = YES;
				CLANG_ENABLE_OBJC_ARC = YES;
				CLANG_ENABLE_OBJC_WEAK = YES;
				CLANG_WARN_BLOCK_CAPTURE_AUTORELEASING = YES;
				CLANG_WARN_BOOL_CONVERSION = YES;
				CLANG_WARN_COMMA = YES;
				CLANG_WARN_CONSTANT_CONVERSION = YES;
				CLANG_WARN_DEPRECATED_OBJC_IMPLEMENTATIONS = YES;
				CLANG_WARN_DIRECT_OBJC_ISA_USAGE = YES_ERROR;
				CLANG_WARN_DOCUMENTATION_COMMENTS = YES;
				CLANG_WARN_EMPTY_BODY = YES;
				CLANG_WARN_ENUM_CONVERSION = YES;
				CLANG_WARN_INFINITE_RECURSION = YES;
				CLANG_WARN_INT_CONVERSION = YES;
				CLANG_WARN_NON_LITERAL_NULL_CONVERSION = YES;
				CLANG_WARN_OBJC_IMPLICIT_RETAIN_SELF = YES;
				CLANG_WARN_OBJC_LITERAL_CONVERSION = YES;
				CLANG_WARN_OBJC_ROOT_CLASS = YES_ERROR;
				CLANG_WARN_QUOTED_INCLUDE_IN_FRAMEWORK_HEADER = YES;
				CLANG_WARN_RANGE_LOOP_ANALYSIS = YES;
				CLANG_WARN_STRICT_PROTOTYPES = YES;
				CLANG_WARN_SUSPICIOUS_MOVE = YES;
				CLANG_WARN_UNGUARDED_AVAILABILITY = YES_AGGRESSIVE;
				CLANG_WARN_UNREACHABLE_CODE = YES;
				CLANG_WARN__DUPLICATE_METHOD_MATCH = YES;
				COPY_PHASE_STRIP = NO;
				DEBUG_INFORMATION_FORMAT = "dwarf-with-dsym";
				ENABLE_NS_ASSERTIONS = NO;
				ENABLE_STRICT_OBJC_MSGSEND = YES;
				ENABLE_USER_SCRIPT_SANDBOXING = YES;
				GCC_C_LANGUAGE_STANDARD = gnu17;
				GCC_NO_COMMON_BLOCKS = YES;
				GCC_WARN_64_TO_32_BIT_CONVERSION = YES;
				GCC_WARN_ABOUT_RETURN_TYPE = YES_ERROR;
				GCC_WARN_UNDECLARED_SELECTOR = YES;
				GCC_WARN_UNINITIALIZED_AUTOS = YES_AGGRESSIVE;
				GCC_WARN_UNUSED_FUNCTION = YES;
				GCC_WARN_UNUSED_VARIABLE = YES;
				LOCALIZATION_PREFERS_STRING_CATALOGS = YES;
				MACOSX_DEPLOYMENT_TARGET = 15.0;
				MTL_ENABLE_DEBUG_INFO = NO;
				MTL_FAST_MATH = YES;
				SDKROOT = macosx;
				SWIFT_COMPILATION_MODE = wholemodule;
			};
			name = Release;
		};
		01C91B0E2D1222D40014D964 /* Debug */ = {
			isa = XCBuildConfiguration;
			buildSettings = {
				ASSETCATALOG_COMPILER_APPICON_NAME = AppIcon;
				ASSETCATALOG_COMPILER_GLOBAL_ACCENT_COLOR_NAME = AccentColor;
				CODE_SIGN_ENTITLEMENTS = Osiris/Osiris.entitlements;
				CODE_SIGN_IDENTITY = "Apple Development";
				CODE_SIGN_STYLE = Automatic;
				COMBINE_HIDPI_IMAGES = YES;
				CURRENT_PROJECT_VERSION = 1;
				DEVELOPMENT_ASSET_PATHS = "\"Osiris/Preview Content\"";
				DEVELOPMENT_TEAM = UZ7YK2F2PH;
				ENABLE_HARDENED_RUNTIME = YES;
				ENABLE_PREVIEWS = YES;
				GENERATE_INFOPLIST_FILE = YES;
				INFOPLIST_FILE = Osiris/Info.plist;
				INFOPLIST_KEY_NSHumanReadableCopyright = "";
				LD_RUNPATH_SEARCH_PATHS = (
					"$(inherited)",
					"@executable_path/../Frameworks",
				);
				MARKETING_VERSION = 1.0;
				PRODUCT_BUNDLE_IDENTIFIER = hadi.Osiris;
				PRODUCT_NAME = "$(TARGET_NAME)";
				PROVISIONING_PROFILE_SPECIFIER = "";
				SUPPORTED_PLATFORMS = "iphoneos iphonesimulator";
				SUPPORTS_MACCATALYST = NO;
				SWIFT_EMIT_LOC_STRINGS = YES;
				SWIFT_VERSION = 5.0;
				TARGETED_DEVICE_FAMILY = 1;
			};
			name = Debug;
		};
		01C91B0F2D1222D40014D964 /* Release */ = {
			isa = XCBuildConfiguration;
			buildSettings = {
				ASSETCATALOG_COMPILER_APPICON_NAME = AppIcon;
				ASSETCATALOG_COMPILER_GLOBAL_ACCENT_COLOR_NAME = AccentColor;
				CODE_SIGN_ENTITLEMENTS = Osiris/Osiris.entitlements;
				"CODE_SIGN_IDENTITY[sdk=macosx*]" = "-";
				CODE_SIGN_STYLE = Automatic;
				COMBINE_HIDPI_IMAGES = YES;
				CURRENT_PROJECT_VERSION = 1;
				DEVELOPMENT_ASSET_PATHS = "\"Osiris/Preview Content\"";
				DEVELOPMENT_TEAM = UZ7YK2F2PH;
				ENABLE_HARDENED_RUNTIME = YES;
				ENABLE_PREVIEWS = YES;
				GENERATE_INFOPLIST_FILE = YES;
				INFOPLIST_FILE = Osiris/Info.plist;
				INFOPLIST_KEY_NSHumanReadableCopyright = "";
				LD_RUNPATH_SEARCH_PATHS = (
					"$(inherited)",
					"@executable_path/../Frameworks",
				);
				MARKETING_VERSION = 1.0;
				PRODUCT_BUNDLE_IDENTIFIER = hadi.Osiris;
				PRODUCT_NAME = "$(TARGET_NAME)";
				SUPPORTED_PLATFORMS = "iphoneos iphonesimulator";
				SUPPORTS_MACCATALYST = NO;
				SWIFT_EMIT_LOC_STRINGS = YES;
				SWIFT_VERSION = 5.0;
				TARGETED_DEVICE_FAMILY = 1;
			};
			name = Release;
		};
		01C91B112D1222D40014D964 /* Debug */ = {
			isa = XCBuildConfiguration;
			buildSettings = {
				BUNDLE_LOADER = "$(TEST_HOST)";
				CODE_SIGN_STYLE = Automatic;
				CURRENT_PROJECT_VERSION = 1;
				DEVELOPMENT_TEAM = UZ7YK2F2PH;
				GENERATE_INFOPLIST_FILE = YES;
				MACOSX_DEPLOYMENT_TARGET = 15.0;
				MARKETING_VERSION = 1.0;
				PRODUCT_BUNDLE_IDENTIFIER = hadi.OsirisTests;
				PRODUCT_NAME = "$(TARGET_NAME)";
				SUPPORTED_PLATFORMS = "iphoneos iphonesimulator";
				SUPPORTS_MACCATALYST = NO;
				SWIFT_EMIT_LOC_STRINGS = NO;
				SWIFT_VERSION = 5.0;
				TARGETED_DEVICE_FAMILY = 1;
				TEST_HOST = "$(BUILT_PRODUCTS_DIR)/Osiris.app/$(BUNDLE_EXECUTABLE_FOLDER_PATH)/Osiris";
			};
			name = Debug;
		};
		01C91B122D1222D40014D964 /* Release */ = {
			isa = XCBuildConfiguration;
			buildSettings = {
				BUNDLE_LOADER = "$(TEST_HOST)";
				CODE_SIGN_STYLE = Automatic;
				CURRENT_PROJECT_VERSION = 1;
				DEVELOPMENT_TEAM = UZ7YK2F2PH;
				GENERATE_INFOPLIST_FILE = YES;
				MACOSX_DEPLOYMENT_TARGET = 15.0;
				MARKETING_VERSION = 1.0;
				PRODUCT_BUNDLE_IDENTIFIER = hadi.OsirisTests;
				PRODUCT_NAME = "$(TARGET_NAME)";
				SUPPORTED_PLATFORMS = "iphoneos iphonesimulator";
				SUPPORTS_MACCATALYST = NO;
				SWIFT_EMIT_LOC_STRINGS = NO;
				SWIFT_VERSION = 5.0;
				TARGETED_DEVICE_FAMILY = 1;
				TEST_HOST = "$(BUILT_PRODUCTS_DIR)/Osiris.app/$(BUNDLE_EXECUTABLE_FOLDER_PATH)/Osiris";
			};
			name = Release;
		};
		01C91B142D1222D40014D964 /* Debug */ = {
			isa = XCBuildConfiguration;
			buildSettings = {
				CODE_SIGN_STYLE = Automatic;
				CURRENT_PROJECT_VERSION = 1;
				DEVELOPMENT_TEAM = UZ7YK2F2PH;
				GENERATE_INFOPLIST_FILE = YES;
				MARKETING_VERSION = 1.0;
				PRODUCT_BUNDLE_IDENTIFIER = hadi.OsirisUITests;
				PRODUCT_NAME = "$(TARGET_NAME)";
				SWIFT_EMIT_LOC_STRINGS = NO;
				SWIFT_VERSION = 5.0;
				TEST_TARGET_NAME = Osiris;
			};
			name = Debug;
		};
		01C91B152D1222D40014D964 /* Release */ = {
			isa = XCBuildConfiguration;
			buildSettings = {
				CODE_SIGN_STYLE = Automatic;
				CURRENT_PROJECT_VERSION = 1;
				DEVELOPMENT_TEAM = UZ7YK2F2PH;
				GENERATE_INFOPLIST_FILE = YES;
				MARKETING_VERSION = 1.0;
				PRODUCT_BUNDLE_IDENTIFIER = hadi.OsirisUITests;
				PRODUCT_NAME = "$(TARGET_NAME)";
				SWIFT_EMIT_LOC_STRINGS = NO;
				SWIFT_VERSION = 5.0;
				TEST_TARGET_NAME = Osiris;
			};
			name = Release;
		};
/* End XCBuildConfiguration section */

/* Begin XCConfigurationList section */
		01C91AE32D1222D20014D964 /* Build configuration list for PBXProject "Osiris" */ = {
			isa = XCConfigurationList;
			buildConfigurations = (
				01C91B0B2D1222D40014D964 /* Debug */,
				01C91B0C2D1222D40014D964 /* Release */,
			);
			defaultConfigurationIsVisible = 0;
			defaultConfigurationName = Release;
		};
		01C91B0D2D1222D40014D964 /* Build configuration list for PBXNativeTarget "Osiris" */ = {
			isa = XCConfigurationList;
			buildConfigurations = (
				01C91B0E2D1222D40014D964 /* Debug */,
				01C91B0F2D1222D40014D964 /* Release */,
			);
			defaultConfigurationIsVisible = 0;
			defaultConfigurationName = Release;
		};
		01C91B102D1222D40014D964 /* Build configuration list for PBXNativeTarget "OsirisTests" */ = {
			isa = XCConfigurationList;
			buildConfigurations = (
				01C91B112D1222D40014D964 /* Debug */,
				01C91B122D1222D40014D964 /* Release */,
			);
			defaultConfigurationIsVisible = 0;
			defaultConfigurationName = Release;
		};
		01C91B132D1222D40014D964 /* Build configuration list for PBXNativeTarget "OsirisUITests" */ = {
			isa = XCConfigurationList;
			buildConfigurations = (
				01C91B142D1222D40014D964 /* Debug */,
				01C91B152D1222D40014D964 /* Release */,
			);
			defaultConfigurationIsVisible = 0;
			defaultConfigurationName = Release;
		};
/* End XCConfigurationList section */

/* Begin XCRemoteSwiftPackageReference section */
		015BAFCD2D1BEAE20006BA54 /* XCRemoteSwiftPackageReference "firebase-ios-sdk" */ = {
			isa = XCRemoteSwiftPackageReference;
			repositoryURL = "https://github.com/firebase/firebase-ios-sdk";
			requirement = {
				kind = upToNextMajorVersion;
				minimumVersion = 11.6.0;
			};
		};
		01A65DCB2D1BA466009B5E25 /* XCRemoteSwiftPackageReference "firebase-ios-sdk" */ = {
			isa = XCRemoteSwiftPackageReference;
			repositoryURL = "https://github.com/firebase/firebase-ios-sdk";
			requirement = {
				kind = upToNextMajorVersion;
				minimumVersion = 11.6.0;
			};
		};
/* End XCRemoteSwiftPackageReference section */

/* Begin XCSwiftPackageProductDependency section */
		015BAFCE2D1BEAE20006BA54 /* FirebaseAuth */ = {
			isa = XCSwiftPackageProductDependency;
			package = 015BAFCD2D1BEAE20006BA54 /* XCRemoteSwiftPackageReference "firebase-ios-sdk" */;
			productName = FirebaseAuth;
		};
		015BAFD02D1BEAE20006BA54 /* FirebaseCore */ = {
			isa = XCSwiftPackageProductDependency;
			package = 015BAFCD2D1BEAE20006BA54 /* XCRemoteSwiftPackageReference "firebase-ios-sdk" */;
			productName = FirebaseCore;
		};
		015BAFD22D1BEAE20006BA54 /* FirebaseFirestore */ = {
			isa = XCSwiftPackageProductDependency;
			package = 015BAFCD2D1BEAE20006BA54 /* XCRemoteSwiftPackageReference "firebase-ios-sdk" */;
			productName = FirebaseFirestore;
		};
		01A65DCC2D1BA466009B5E25 /* FirebaseAuth */ = {
			isa = XCSwiftPackageProductDependency;
			package = 01A65DCB2D1BA466009B5E25 /* XCRemoteSwiftPackageReference "firebase-ios-sdk" */;
			productName = FirebaseAuth;
		};
		01A65DCE2D1BA466009B5E25 /* FirebaseCore */ = {
			isa = XCSwiftPackageProductDependency;
			package = 01A65DCB2D1BA466009B5E25 /* XCRemoteSwiftPackageReference "firebase-ios-sdk" */;
			productName = FirebaseCore;
		};
		01A65DD02D1BA466009B5E25 /* FirebaseFirestore */ = {
			isa = XCSwiftPackageProductDependency;
			package = 01A65DCB2D1BA466009B5E25 /* XCRemoteSwiftPackageReference "firebase-ios-sdk" */;
			productName = FirebaseFirestore;
		};
/* End XCSwiftPackageProductDependency section */
	};
	rootObject = 01C91AE02D1222D20014D964 /* Project object */;
}
